
Microsoft Visual Studio Solution File, Format Version 12.00
# Visual Studio Version 17
VisualStudioVersion = 17.8.34525.116
MinimumVisualStudioVersion = 10.0.40219.1
Project("{FAE04EC0-301F-11D3-BF4B-00C04F79EFBC}") = "MauaiFlix2", "MauaiFlix2.csproj", "{09FCBA7A-73AD-4D13-A2AE-D5C6818A78C9}"
EndProject
Global
	GlobalSection(SolutionConfigurationPlatforms) = preSolution
		Debug|Any CPU = Debug|Any CPU
		Release|Any CPU = Release|Any CPU
	EndGlobalSection
	GlobalSection(ProjectConfigurationPlatforms) = postSolution
		{09FCBA7A-73AD-4D13-A2AE-D5C6818A78C9}.Debug|Any CPU.ActiveCfg = Debug|Any CPU
		{09FCBA7A-73AD-4D13-A2AE-D5C6818A78C9}.Debug|Any CPU.Build.0 = Debug|Any CPU
		{09FCBA7A-73AD-4D13-A2AE-D5C6818A78C9}.Debug|Any CPU.Deploy.0 = Debug|Any CPU
		{09FCBA7A-73AD-4D13-A2AE-D5C6818A78C9}.Release|Any CPU.ActiveCfg = Release|Any CPU
		{09FCBA7A-73AD-4D13-A2AE-D5C6818A78C9}.Release|Any CPU.Build.0 = Release|Any CPU
		{09FCBA7A-73AD-4D13-A2AE-D5C6818A78C9}.Release|Any CPU.Deploy.0 = Release|Any CPU
	EndGlobalSection
	GlobalSection(SolutionProperties) = preSolution
		HideSolutionNode = FALSE
	EndGlobalSection
	GlobalSection(ExtensibilityGlobals) = postSolution
		SolutionGuid = {731700E3-E480-4E22-B94D-0D70EB6849FD}
	EndGlobalSection
EndGlobal
